
Microsoft Visual Studio Solution File, Format Version 12.00
# Visual Studio 14
VisualStudioVersion = 14.0.23107.0
MinimumVisualStudioVersion = 10.0.40219.1
Project("{FAE04EC0-301F-11D3-BF4B-00C04F79EFBC}") = "UnreasonableMechanismCSv0.4", "UnreasonableMechanismCSv0.4\UnreasonableMechanismCSv0.4.csproj", "{A482CE99-CCB9-462A-8D2A-2A6D4619BC98}"
	ProjectSection(ProjectDependencies) = postProject
		{9F68A310-52ED-4054-B422-5E666D29265B} = {9F68A310-52ED-4054-B422-5E666D29265B}
	EndProjectSection
EndProject
Project("{FAE04EC0-301F-11D3-BF4B-00C04F79EFBC}") = "UnreasonableMechanismEngineCSv0.2Tests", "UnreasonableMechanismEngineCSv0.2Tests\UnreasonableMechanismEngineCSv0.2Tests.csproj", "{DEDDA9C1-2ED0-443A-93B8-A079740DB276}"
EndProject
Project("{FAE04EC0-301F-11D3-BF4B-00C04F79EFBC}") = "UnreasonableMechanismCSv0.5", "UnreasonableMechanismCSv0.5\UnreasonableMechanismCSv0.5.csproj", "{9F7CE06B-F851-4F2B-AC99-523FC35662EB}"
	ProjectSection(ProjectDependencies) = postProject
		{9F68A310-52ED-4054-B422-5E666D29265B} = {9F68A310-52ED-4054-B422-5E666D29265B}
	EndProjectSection
EndProject
Project("{FAE04EC0-301F-11D3-BF4B-00C04F79EFBC}") = "UnreasonableMechanismEngineCSv0.3", "UnreasonableMechanismEngineCSv0.3\UnreasonableMechanismEngineCSv0.3.csproj", "{60C699CC-C19B-4F4C-BC61-CC73A1621259}"
EndProject
Project("{FAE04EC0-301F-11D3-BF4B-00C04F79EFBC}") = "UnreasonableMechanismEngineCSv0.3Tests", "UnreasonableMechanismEngineCSv0.3Tests\UnreasonableMechanismEngineCSv0.3Tests.csproj", "{D8C75D6F-D95F-4362-988E-76EBC2244E6A}"
EndProject
Project("{FAE04EC0-301F-11D3-BF4B-00C04F79EFBC}") = "UnreasonableMechanismEngineCSv0.2", "UnreasonableMechanismEngineCSv0.2\UnreasonableMechanismEngineCSv0.2.csproj", "{9F68A310-52ED-4054-B422-5E666D29265B}"
EndProject
Global
	GlobalSection(SolutionConfigurationPlatforms) = preSolution
		Debug|Any CPU = Debug|Any CPU
		Debug|x86 = Debug|x86
		Release|Any CPU = Release|Any CPU
		Release|x86 = Release|x86
	EndGlobalSection
	GlobalSection(ProjectConfigurationPlatforms) = postSolution
		{A482CE99-CCB9-462A-8D2A-2A6D4619BC98}.Debug|Any CPU.ActiveCfg = Debug|x86
		{A482CE99-CCB9-462A-8D2A-2A6D4619BC98}.Debug|x86.ActiveCfg = Debug|x86
		{A482CE99-CCB9-462A-8D2A-2A6D4619BC98}.Debug|x86.Build.0 = Debug|x86
		{A482CE99-CCB9-462A-8D2A-2A6D4619BC98}.Release|Any CPU.ActiveCfg = Release|x86
		{A482CE99-CCB9-462A-8D2A-2A6D4619BC98}.Release|x86.ActiveCfg = Release|x86
		{A482CE99-CCB9-462A-8D2A-2A6D4619BC98}.Release|x86.Build.0 = Release|x86
		{DEDDA9C1-2ED0-443A-93B8-A079740DB276}.Debug|Any CPU.ActiveCfg = Debug|Any CPU
		{DEDDA9C1-2ED0-443A-93B8-A079740DB276}.Debug|Any CPU.Build.0 = Debug|Any CPU
		{DEDDA9C1-2ED0-443A-93B8-A079740DB276}.Debug|x86.ActiveCfg = Debug|Any CPU
		{DEDDA9C1-2ED0-443A-93B8-A079740DB276}.Debug|x86.Build.0 = Debug|Any CPU
		{DEDDA9C1-2ED0-443A-93B8-A079740DB276}.Release|Any CPU.ActiveCfg = Release|Any CPU
		{DEDDA9C1-2ED0-443A-93B8-A079740DB276}.Release|Any CPU.Build.0 = Release|Any CPU
		{DEDDA9C1-2ED0-443A-93B8-A079740DB276}.Release|x86.ActiveCfg = Release|Any CPU
		{DEDDA9C1-2ED0-443A-93B8-A079740DB276}.Release|x86.Build.0 = Release|Any CPU
		{9F7CE06B-F851-4F2B-AC99-523FC35662EB}.Debug|Any CPU.ActiveCfg = Debug|x86
		{9F7CE06B-F851-4F2B-AC99-523FC35662EB}.Debug|x86.ActiveCfg = Debug|x86
		{9F7CE06B-F851-4F2B-AC99-523FC35662EB}.Debug|x86.Build.0 = Debug|x86
		{9F7CE06B-F851-4F2B-AC99-523FC35662EB}.Release|Any CPU.ActiveCfg = Release|x86
		{9F7CE06B-F851-4F2B-AC99-523FC35662EB}.Release|x86.ActiveCfg = Release|x86
		{9F7CE06B-F851-4F2B-AC99-523FC35662EB}.Release|x86.Build.0 = Release|x86
		{60C699CC-C19B-4F4C-BC61-CC73A1621259}.Debug|Any CPU.ActiveCfg = Debug|x86
		{60C699CC-C19B-4F4C-BC61-CC73A1621259}.Debug|x86.ActiveCfg = Debug|x86
		{60C699CC-C19B-4F4C-BC61-CC73A1621259}.Debug|x86.Build.0 = Debug|x86
		{60C699CC-C19B-4F4C-BC61-CC73A1621259}.Release|Any CPU.ActiveCfg = Release|x86
		{60C699CC-C19B-4F4C-BC61-CC73A1621259}.Release|x86.ActiveCfg = Release|x86
		{60C699CC-C19B-4F4C-BC61-CC73A1621259}.Release|x86.Build.0 = Release|x86
		{D8C75D6F-D95F-4362-988E-76EBC2244E6A}.Debug|Any CPU.ActiveCfg = Debug|Any CPU
		{D8C75D6F-D95F-4362-988E-76EBC2244E6A}.Debug|Any CPU.Build.0 = Debug|Any CPU
		{D8C75D6F-D95F-4362-988E-76EBC2244E6A}.Debug|x86.ActiveCfg = Debug|Any CPU
		{D8C75D6F-D95F-4362-988E-76EBC2244E6A}.Debug|x86.Build.0 = Debug|Any CPU
		{D8C75D6F-D95F-4362-988E-76EBC2244E6A}.Release|Any CPU.ActiveCfg = Release|Any CPU
		{D8C75D6F-D95F-4362-988E-76EBC2244E6A}.Release|Any CPU.Build.0 = Release|Any CPU
		{D8C75D6F-D95F-4362-988E-76EBC2244E6A}.Release|x86.ActiveCfg = Release|Any CPU
		{D8C75D6F-D95F-4362-988E-76EBC2244E6A}.Release|x86.Build.0 = Release|Any CPU
		{9F68A310-52ED-4054-B422-5E666D29265B}.Debug|Any CPU.ActiveCfg = Debug|x86
		{9F68A310-52ED-4054-B422-5E666D29265B}.Debug|x86.ActiveCfg = Debug|x86
		{9F68A310-52ED-4054-B422-5E666D29265B}.Debug|x86.Build.0 = Debug|x86
		{9F68A310-52ED-4054-B422-5E666D29265B}.Release|Any CPU.ActiveCfg = Release|x86
		{9F68A310-52ED-4054-B422-5E666D29265B}.Release|x86.ActiveCfg = Release|x86
		{9F68A310-52ED-4054-B422-5E666D29265B}.Release|x86.Build.0 = Release|x86
	EndGlobalSection
	GlobalSection(SolutionProperties) = preSolution
		HideSolutionNode = FALSE
	EndGlobalSection
EndGlobal
